
Microsoft Visual Studio Solution File, Format Version 12.00
# Visual Studio Version 16
VisualStudioVersion = 16.0.31729.503
MinimumVisualStudioVersion = 10.0.40219.1
Project("{FAE04EC0-301F-11D3-BF4B-00C04F79EFBC}") = "Homework 12.11.2001", "Homework 12.11.2001\Homework 12.11.2001.csproj", "{5A30A589-8565-402A-A453-248382135F7D}"
EndProject
Global
	GlobalSection(SolutionConfigurationPlatforms) = preSolution
		Debug|Any CPU = Debug|Any CPU
		Release|Any CPU = Release|Any CPU
	EndGlobalSection
	GlobalSection(ProjectConfigurationPlatforms) = postSolution
		{5A30A589-8565-402A-A453-248382135F7D}.Debug|Any CPU.ActiveCfg = Debug|Any CPU
		{5A30A589-8565-402A-A453-248382135F7D}.Debug|Any CPU.Build.0 = Debug|Any CPU
		{5A30A589-8565-402A-A453-248382135F7D}.Release|Any CPU.ActiveCfg = Release|Any CPU
		{5A30A589-8565-402A-A453-248382135F7D}.Release|Any CPU.Build.0 = Release|Any CPU
	EndGlobalSection
	GlobalSection(SolutionProperties) = preSolution
		HideSolutionNode = FALSE
	EndGlobalSection
	GlobalSection(ExtensibilityGlobals) = postSolution
		SolutionGuid = {AAB2EFD5-89F0-4E03-A4A4-8777BD0925A3}
	EndGlobalSection
EndGlobal
