
Microsoft Visual Studio Solution File, Format Version 12.00
# Visual Studio Version 16
VisualStudioVersion = 16.0.31729.503
MinimumVisualStudioVersion = 10.0.40219.1
Project("{FAE04EC0-301F-11D3-BF4B-00C04F79EFBC}") = "homework-2", "homework-2\homework-2.csproj", "{1682D905-4AE3-43B7-97AF-512D760625AD}"
EndProject
Global
	GlobalSection(SolutionConfigurationPlatforms) = preSolution
		Debug|Any CPU = Debug|Any CPU
		Release|Any CPU = Release|Any CPU
	EndGlobalSection
	GlobalSection(ProjectConfigurationPlatforms) = postSolution
		{1682D905-4AE3-43B7-97AF-512D760625AD}.Debug|Any CPU.ActiveCfg = Debug|Any CPU
		{1682D905-4AE3-43B7-97AF-512D760625AD}.Debug|Any CPU.Build.0 = Debug|Any CPU
		{1682D905-4AE3-43B7-97AF-512D760625AD}.Release|Any CPU.ActiveCfg = Release|Any CPU
		{1682D905-4AE3-43B7-97AF-512D760625AD}.Release|Any CPU.Build.0 = Release|Any CPU
	EndGlobalSection
	GlobalSection(SolutionProperties) = preSolution
		HideSolutionNode = FALSE
	EndGlobalSection
	GlobalSection(ExtensibilityGlobals) = postSolution
		SolutionGuid = {2CCBFB49-9B06-47FB-AC72-8D6026706806}
	EndGlobalSection
EndGlobal
